// !$*UTF8*$!
{
	archiveVersion = 1;
	classes = {
	};
	objectVersion = 46;
	objects = {

/* Begin PBXFileReference section */
		0DA41FB21ADAFE3D00B58B0B /* Info.plist */ = {isa = PBXFileReference; lastKnownFileType = text.plist.xml; path = Info.plist; sourceTree = "<group>"; };
		0DA41FCA1ADAFE5A00B58B0B /* ObjectiveCExceptionHandler.h */ = {isa = PBXFileReference; fileEncoding = 4; lastKnownFileType = sourcecode.c.h; path = ObjectiveCExceptionHandler.h; sourceTree = "<group>"; };
		0DA41FCB1ADAFE5A00B58B0B /* ObjectiveCExceptionHandler.m */ = {isa = PBXFileReference; fileEncoding = 4; lastKnownFileType = sourcecode.c.objc; path = ObjectiveCExceptionHandler.m; sourceTree = "<group>"; };
		0DA41FCC1ADAFE5A00B58B0B /* OSAtomicInt.swift */ = {isa = PBXFileReference; fileEncoding = 4; lastKnownFileType = sourcecode.swift; path = OSAtomicInt.swift; sourceTree = "<group>"; };
		0DA41FCD1ADAFE5A00B58B0B /* Common.swift */ = {isa = PBXFileReference; fileEncoding = 4; lastKnownFileType = sourcecode.swift; path = Common.swift; sourceTree = "<group>"; };
		0DA41FCE1ADAFE5A00B58B0B /* Future.swift */ = {isa = PBXFileReference; fileEncoding = 4; lastKnownFileType = sourcecode.swift; path = Future.swift; sourceTree = "<group>"; };
		0DA41FCF1ADAFE5A00B58B0B /* FTask.swift */ = {isa = PBXFileReference; fileEncoding = 4; lastKnownFileType = sourcecode.swift; path = FTask.swift; sourceTree = "<group>"; };
		0DA41FD01ADAFE5A00B58B0B /* ExtensionVars.swift */ = {isa = PBXFileReference; fileEncoding = 4; lastKnownFileType = sourcecode.swift; path = ExtensionVars.swift; sourceTree = "<group>"; };
		0DA41FD11ADAFE5A00B58B0B /* NSObject-Ext-ThreadSafe.swift */ = {isa = PBXFileReference; fileEncoding = 4; lastKnownFileType = sourcecode.swift; path = "NSObject-Ext-ThreadSafe.swift"; sourceTree = "<group>"; };
		0DA41FDA1ADAFEC500B58B0B /* Synchronization.swift */ = {isa = PBXFileReference; fileEncoding = 4; lastKnownFileType = sourcecode.swift; lineEnding = 0; path = Synchronization.swift; sourceTree = "<group>"; xcLanguageSpecificationIdentifier = xcode.lang.swift; };
		0DA41FE21ADB483C00B58B0B /* FutureWait.swift */ = {isa = PBXFileReference; fileEncoding = 4; lastKnownFileType = sourcecode.swift; path = FutureWait.swift; sourceTree = "<group>"; };
		0DB979A01AE2A21100158386 /* Tests.swift */ = {isa = PBXFileReference; lastKnownFileType = sourcecode.swift; path = Tests.swift; sourceTree = "<group>"; };
		0DE3AD6D1ADCB55C000345AD /* Executor.swift */ = {isa = PBXFileReference; fileEncoding = 4; lastKnownFileType = sourcecode.swift; lineEnding = 0; path = Executor.swift; sourceTree = "<group>"; xcLanguageSpecificationIdentifier = xcode.lang.swift; };
		0DE3AD6F1ADCBBF8000345AD /* Promise.swift */ = {isa = PBXFileReference; fileEncoding = 4; lastKnownFileType = sourcecode.swift; path = Promise.swift; sourceTree = "<group>"; };
		0DE3AD711ADCBCBA000345AD /* FutureBatch.swift */ = {isa = PBXFileReference; fileEncoding = 4; lastKnownFileType = sourcecode.swift; path = FutureBatch.swift; sourceTree = "<group>"; };
/* End PBXFileReference section */

/* Begin PBXGroup section */
		0DA41FA41ADAFE3D00B58B0B = {
			isa = PBXGroup;
			children = (
				0DA41FB01ADAFE3D00B58B0B /* FutureKit */,
				0DB9799D1AE2A21100158386 /* FutureKitTests */,
				0DA41FAF1ADAFE3D00B58B0B /* Products */,
			);
			sourceTree = "<group>";
		};
		0DA41FAF1ADAFE3D00B58B0B /* Products */ = {
			isa = PBXGroup;
			children = (
			);
			name = Products;
			sourceTree = "<group>";
		};
		0DA41FB01ADAFE3D00B58B0B /* FutureKit */ = {
			isa = PBXGroup;
			children = (
				0DA41FCE1ADAFE5A00B58B0B /* Future.swift */,
				0DE3AD6F1ADCBBF8000345AD /* Promise.swift */,
				0DE3AD6D1ADCB55C000345AD /* Executor.swift */,
				0DA41FCA1ADAFE5A00B58B0B /* ObjectiveCExceptionHandler.h */,
				0DA41FCB1ADAFE5A00B58B0B /* ObjectiveCExceptionHandler.m */,
				0DA41FDA1ADAFEC500B58B0B /* Synchronization.swift */,
				0DA41FCC1ADAFE5A00B58B0B /* OSAtomicInt.swift */,
				0DA41FCD1ADAFE5A00B58B0B /* Common.swift */,
				0DE3AD711ADCBCBA000345AD /* FutureBatch.swift */,
				0DA41FE21ADB483C00B58B0B /* FutureWait.swift */,
				0DA41FCF1ADAFE5A00B58B0B /* FTask.swift */,
				0DA41FD01ADAFE5A00B58B0B /* ExtensionVars.swift */,
				0DA41FD11ADAFE5A00B58B0B /* NSObject-Ext-ThreadSafe.swift */,
				0DA41FB11ADAFE3D00B58B0B /* Supporting Files */,
			);
			path = FutureKit;
			sourceTree = "<group>";
		};
		0DA41FB11ADAFE3D00B58B0B /* Supporting Files */ = {
			isa = PBXGroup;
			children = (
				0DA41FB21ADAFE3D00B58B0B /* Info.plist */,
			);
			name = "Supporting Files";
			sourceTree = "<group>";
		};
		0DB9799D1AE2A21100158386 /* FutureKitTests */ = {
			isa = PBXGroup;
			children = (
				0DB979A01AE2A21100158386 /* Tests.swift */,
				0DB9799E1AE2A21100158386 /* Supporting Files */,
			);
			path = FutureKitTests;
			sourceTree = "<group>";
		};
		0DB9799E1AE2A21100158386 /* Supporting Files */ = {
			isa = PBXGroup;
			children = (
			);
			name = "Supporting Files";
			sourceTree = "<group>";
		};
/* End PBXGroup section */

/* Begin PBXProject section */
		0DA41FA51ADAFE3D00B58B0B /* Project object */ = {
			isa = PBXProject;
			attributes = {
				LastUpgradeCheck = 0630;
				ORGANIZATIONNAME = "Michael Gray";
			};
			buildConfigurationList = 0DA41FA81ADAFE3D00B58B0B /* Build configuration list for PBXProject "FutureKit" */;
			compatibilityVersion = "Xcode 3.2";
			developmentRegion = English;
			hasScannedForEncodings = 0;
			knownRegions = (
				en,
			);
			mainGroup = 0DA41FA41ADAFE3D00B58B0B;
			productRefGroup = 0DA41FAF1ADAFE3D00B58B0B /* Products */;
			projectDirPath = "";
			projectRoot = "";
			targets = (
			);
		};
/* End PBXProject section */

/* Begin XCBuildConfiguration section */
		0DA41FC21ADAFE3D00B58B0B /* Debug */ = {
			isa = XCBuildConfiguration;
			buildSettings = {
				ALWAYS_SEARCH_USER_PATHS = NO;
				CLANG_CXX_LANGUAGE_STANDARD = "gnu++0x";
				CLANG_CXX_LIBRARY = "libc++";
				CLANG_ENABLE_MODULES = YES;
				CLANG_ENABLE_OBJC_ARC = YES;
				CLANG_WARN_BOOL_CONVERSION = YES;
				CLANG_WARN_CONSTANT_CONVERSION = YES;
				CLANG_WARN_DIRECT_OBJC_ISA_USAGE = YES_ERROR;
				CLANG_WARN_EMPTY_BODY = YES;
				CLANG_WARN_ENUM_CONVERSION = YES;
				CLANG_WARN_INT_CONVERSION = YES;
				CLANG_WARN_OBJC_ROOT_CLASS = YES_ERROR;
				CLANG_WARN_UNREACHABLE_CODE = YES;
				CLANG_WARN__DUPLICATE_METHOD_MATCH = YES;
				"CODE_SIGN_IDENTITY[sdk=iphoneos*]" = "iPhone Developer";
				COPY_PHASE_STRIP = NO;
				CURRENT_PROJECT_VERSION = 1;
				DEBUG_INFORMATION_FORMAT = "dwarf-with-dsym";
				ENABLE_STRICT_OBJC_MSGSEND = YES;
				GCC_C_LANGUAGE_STANDARD = gnu99;
				GCC_DYNAMIC_NO_PIC = NO;
				GCC_NO_COMMON_BLOCKS = YES;
				GCC_OPTIMIZATION_LEVEL = 0;
				GCC_PREPROCESSOR_DEFINITIONS = (
					"DEBUG=1",
					"$(inherited)",
				);
				GCC_SYMBOLS_PRIVATE_EXTERN = NO;
				GCC_WARN_64_TO_32_BIT_CONVERSION = YES;
				GCC_WARN_ABOUT_RETURN_TYPE = YES_ERROR;
				GCC_WARN_UNDECLARED_SELECTOR = YES;
				GCC_WARN_UNINITIALIZED_AUTOS = YES_AGGRESSIVE;
				GCC_WARN_UNUSED_FUNCTION = YES;
				GCC_WARN_UNUSED_VARIABLE = YES;
				IPHONEOS_DEPLOYMENT_TARGET = 8.3;
				MTL_ENABLE_DEBUG_INFO = YES;
				ONLY_ACTIVE_ARCH = YES;
				SDKROOT = iphoneos;
				SWIFT_OPTIMIZATION_LEVEL = "-Onone";
				TARGETED_DEVICE_FAMILY = "1,2";
				VERSIONING_SYSTEM = "apple-generic";
				VERSION_INFO_PREFIX = "";
			};
			name = Debug;
		};
		0DA41FC31ADAFE3D00B58B0B /* Release */ = {
			isa = XCBuildConfiguration;
			buildSettings = {
				ALWAYS_SEARCH_USER_PATHS = NO;
				CLANG_CXX_LANGUAGE_STANDARD = "gnu++0x";
				CLANG_CXX_LIBRARY = "libc++";
				CLANG_ENABLE_MODULES = YES;
				CLANG_ENABLE_OBJC_ARC = YES;
				CLANG_WARN_BOOL_CONVERSION = YES;
				CLANG_WARN_CONSTANT_CONVERSION = YES;
				CLANG_WARN_DIRECT_OBJC_ISA_USAGE = YES_ERROR;
				CLANG_WARN_EMPTY_BODY = YES;
				CLANG_WARN_ENUM_CONVERSION = YES;
				CLANG_WARN_INT_CONVERSION = YES;
				CLANG_WARN_OBJC_ROOT_CLASS = YES_ERROR;
				CLANG_WARN_UNREACHABLE_CODE = YES;
				CLANG_WARN__DUPLICATE_METHOD_MATCH = YES;
				"CODE_SIGN_IDENTITY[sdk=iphoneos*]" = "iPhone Developer";
				COPY_PHASE_STRIP = NO;
				CURRENT_PROJECT_VERSION = 1;
				DEBUG_INFORMATION_FORMAT = "dwarf-with-dsym";
				ENABLE_NS_ASSERTIONS = NO;
				ENABLE_STRICT_OBJC_MSGSEND = YES;
				GCC_C_LANGUAGE_STANDARD = gnu99;
				GCC_NO_COMMON_BLOCKS = YES;
				GCC_WARN_64_TO_32_BIT_CONVERSION = YES;
				GCC_WARN_ABOUT_RETURN_TYPE = YES_ERROR;
				GCC_WARN_UNDECLARED_SELECTOR = YES;
				GCC_WARN_UNINITIALIZED_AUTOS = YES_AGGRESSIVE;
				GCC_WARN_UNUSED_FUNCTION = YES;
				GCC_WARN_UNUSED_VARIABLE = YES;
				IPHONEOS_DEPLOYMENT_TARGET = 8.3;
				MTL_ENABLE_DEBUG_INFO = NO;
				SDKROOT = iphoneos;
				TARGETED_DEVICE_FAMILY = "1,2";
				VALIDATE_PRODUCT = YES;
				VERSIONING_SYSTEM = "apple-generic";
				VERSION_INFO_PREFIX = "";
			};
			name = Release;
		};
/* End XCBuildConfiguration section */

/* Begin XCConfigurationList section */
		0DA41FA81ADAFE3D00B58B0B /* Build configuration list for PBXProject "FutureKit" */ = {
			isa = XCConfigurationList;
			buildConfigurations = (
				0DA41FC21ADAFE3D00B58B0B /* Debug */,
				0DA41FC31ADAFE3D00B58B0B /* Release */,
			);
			defaultConfigurationIsVisible = 0;
			defaultConfigurationName = Release;
		};
/* End XCConfigurationList section */
	};
	rootObject = 0DA41FA51ADAFE3D00B58B0B /* Project object */;
}
