// !$*UTF8*$!
{
	archiveVersion = 1;
	classes = {
	};
	objectVersion = 46;
	objects = {

/* Begin PBXBuildFile section */
		0D197DEB1AE01D4500EA55DA /* FutureKitTests.swift in Sources */ = {isa = PBXBuildFile; fileRef = 0DA41FC01ADAFE3D00B58B0B /* FutureKitTests.swift */; };
		0D533D5D1ADF530700FDF101 /* FutureKitOsx.h in Headers */ = {isa = PBXBuildFile; fileRef = 0D533D5C1ADF530700FDF101 /* FutureKitOsx.h */; settings = {ATTRIBUTES = (Public, ); }; };
		0D533D631ADF530700FDF101 /* FutureKitOsx.framework in Frameworks */ = {isa = PBXBuildFile; fileRef = 0D533D581ADF530700FDF101 /* FutureKitOsx.framework */; };
		0D533D6A1ADF530700FDF101 /* FutureKitOsxTests.swift in Sources */ = {isa = PBXBuildFile; fileRef = 0D533D691ADF530700FDF101 /* FutureKitOsxTests.swift */; };
		0D533D711ADF532700FDF101 /* Future.swift in Sources */ = {isa = PBXBuildFile; fileRef = 0DA41FCE1ADAFE5A00B58B0B /* Future.swift */; };
		0D533D721ADF532700FDF101 /* Promise.swift in Sources */ = {isa = PBXBuildFile; fileRef = 0DE3AD6F1ADCBBF8000345AD /* Promise.swift */; };
		0D533D731ADF532700FDF101 /* Executor.swift in Sources */ = {isa = PBXBuildFile; fileRef = 0DE3AD6D1ADCB55C000345AD /* Executor.swift */; };
		0D533D741ADF532700FDF101 /* ObjectiveCExceptionHandler.h in Headers */ = {isa = PBXBuildFile; fileRef = 0DA41FCA1ADAFE5A00B58B0B /* ObjectiveCExceptionHandler.h */; settings = {ATTRIBUTES = (Public, ); }; };
		0D533D751ADF532700FDF101 /* ObjectiveCExceptionHandler.m in Sources */ = {isa = PBXBuildFile; fileRef = 0DA41FCB1ADAFE5A00B58B0B /* ObjectiveCExceptionHandler.m */; };
		0D533D761ADF532700FDF101 /* Synchronization.swift in Sources */ = {isa = PBXBuildFile; fileRef = 0DA41FDA1ADAFEC500B58B0B /* Synchronization.swift */; };
		0D533D771ADF532700FDF101 /* OSAtomicInt.swift in Sources */ = {isa = PBXBuildFile; fileRef = 0DA41FCC1ADAFE5A00B58B0B /* OSAtomicInt.swift */; };
		0D533D781ADF532700FDF101 /* Common.swift in Sources */ = {isa = PBXBuildFile; fileRef = 0DA41FCD1ADAFE5A00B58B0B /* Common.swift */; };
		0D533D791ADF532700FDF101 /* FutureBatch.swift in Sources */ = {isa = PBXBuildFile; fileRef = 0DE3AD711ADCBCBA000345AD /* FutureBatch.swift */; };
		0D533D7A1ADF532700FDF101 /* FutureWait.swift in Sources */ = {isa = PBXBuildFile; fileRef = 0DA41FE21ADB483C00B58B0B /* FutureWait.swift */; };
		0D533D7B1ADF532700FDF101 /* FTask.swift in Sources */ = {isa = PBXBuildFile; fileRef = 0DA41FCF1ADAFE5A00B58B0B /* FTask.swift */; };
		0D533D7C1ADF532700FDF101 /* ExtensionVars.swift in Sources */ = {isa = PBXBuildFile; fileRef = 0DA41FD01ADAFE5A00B58B0B /* ExtensionVars.swift */; };
		0D533D7D1ADF532700FDF101 /* NSObject-Ext-ThreadSafe.swift in Sources */ = {isa = PBXBuildFile; fileRef = 0DA41FD11ADAFE5A00B58B0B /* NSObject-Ext-ThreadSafe.swift */; };
		0DA41FB41ADAFE3D00B58B0B /* FutureKit.h in Headers */ = {isa = PBXBuildFile; fileRef = 0DA41FB31ADAFE3D00B58B0B /* FutureKit.h */; settings = {ATTRIBUTES = (Public, ); }; };
		0DA41FBA1ADAFE3D00B58B0B /* FutureKit.framework in Frameworks */ = {isa = PBXBuildFile; fileRef = 0DA41FAE1ADAFE3D00B58B0B /* FutureKit.framework */; };
		0DA41FC11ADAFE3D00B58B0B /* FutureKitTests.swift in Sources */ = {isa = PBXBuildFile; fileRef = 0DA41FC01ADAFE3D00B58B0B /* FutureKitTests.swift */; };
		0DA41FD21ADAFE5A00B58B0B /* ObjectiveCExceptionHandler.h in Headers */ = {isa = PBXBuildFile; fileRef = 0DA41FCA1ADAFE5A00B58B0B /* ObjectiveCExceptionHandler.h */; settings = {ATTRIBUTES = (Public, ); }; };
		0DA41FD31ADAFE5A00B58B0B /* ObjectiveCExceptionHandler.m in Sources */ = {isa = PBXBuildFile; fileRef = 0DA41FCB1ADAFE5A00B58B0B /* ObjectiveCExceptionHandler.m */; };
		0DA41FD41ADAFE5A00B58B0B /* OSAtomicInt.swift in Sources */ = {isa = PBXBuildFile; fileRef = 0DA41FCC1ADAFE5A00B58B0B /* OSAtomicInt.swift */; };
		0DA41FD51ADAFE5A00B58B0B /* Common.swift in Sources */ = {isa = PBXBuildFile; fileRef = 0DA41FCD1ADAFE5A00B58B0B /* Common.swift */; };
		0DA41FD61ADAFE5A00B58B0B /* Future.swift in Sources */ = {isa = PBXBuildFile; fileRef = 0DA41FCE1ADAFE5A00B58B0B /* Future.swift */; };
		0DA41FD71ADAFE5A00B58B0B /* FTask.swift in Sources */ = {isa = PBXBuildFile; fileRef = 0DA41FCF1ADAFE5A00B58B0B /* FTask.swift */; };
		0DA41FD81ADAFE5A00B58B0B /* ExtensionVars.swift in Sources */ = {isa = PBXBuildFile; fileRef = 0DA41FD01ADAFE5A00B58B0B /* ExtensionVars.swift */; };
		0DA41FD91ADAFE5A00B58B0B /* NSObject-Ext-ThreadSafe.swift in Sources */ = {isa = PBXBuildFile; fileRef = 0DA41FD11ADAFE5A00B58B0B /* NSObject-Ext-ThreadSafe.swift */; };
		0DA41FDB1ADAFEC500B58B0B /* Synchronization.swift in Sources */ = {isa = PBXBuildFile; fileRef = 0DA41FDA1ADAFEC500B58B0B /* Synchronization.swift */; };
		0DA41FE31ADB483C00B58B0B /* FutureWait.swift in Sources */ = {isa = PBXBuildFile; fileRef = 0DA41FE21ADB483C00B58B0B /* FutureWait.swift */; };
		0DE3AD6E1ADCB55C000345AD /* Executor.swift in Sources */ = {isa = PBXBuildFile; fileRef = 0DE3AD6D1ADCB55C000345AD /* Executor.swift */; };
		0DE3AD701ADCBBF8000345AD /* Promise.swift in Sources */ = {isa = PBXBuildFile; fileRef = 0DE3AD6F1ADCBBF8000345AD /* Promise.swift */; };
		0DE3AD721ADCBCBA000345AD /* FutureBatch.swift in Sources */ = {isa = PBXBuildFile; fileRef = 0DE3AD711ADCBCBA000345AD /* FutureBatch.swift */; };
/* End PBXBuildFile section */

/* Begin PBXContainerItemProxy section */
		0D533D641ADF530700FDF101 /* PBXContainerItemProxy */ = {
			isa = PBXContainerItemProxy;
			containerPortal = 0DA41FA51ADAFE3D00B58B0B /* Project object */;
			proxyType = 1;
			remoteGlobalIDString = 0D533D571ADF530700FDF101;
			remoteInfo = FutureKitOsx;
		};
		0DA41FBB1ADAFE3D00B58B0B /* PBXContainerItemProxy */ = {
			isa = PBXContainerItemProxy;
			containerPortal = 0DA41FA51ADAFE3D00B58B0B /* Project object */;
			proxyType = 1;
			remoteGlobalIDString = 0DA41FAD1ADAFE3D00B58B0B;
			remoteInfo = FutureKit;
		};
/* End PBXContainerItemProxy section */

/* Begin PBXFileReference section */
		0D533D581ADF530700FDF101 /* FutureKitOsx.framework */ = {isa = PBXFileReference; explicitFileType = wrapper.framework; includeInIndex = 0; path = FutureKitOsx.framework; sourceTree = BUILT_PRODUCTS_DIR; };
		0D533D5B1ADF530700FDF101 /* Info.plist */ = {isa = PBXFileReference; lastKnownFileType = text.plist.xml; path = Info.plist; sourceTree = "<group>"; };
		0D533D5C1ADF530700FDF101 /* FutureKitOsx.h */ = {isa = PBXFileReference; lastKnownFileType = sourcecode.c.h; path = FutureKitOsx.h; sourceTree = "<group>"; };
		0D533D621ADF530700FDF101 /* FutureKitOsxTests.xctest */ = {isa = PBXFileReference; explicitFileType = wrapper.cfbundle; includeInIndex = 0; path = FutureKitOsxTests.xctest; sourceTree = BUILT_PRODUCTS_DIR; };
		0D533D681ADF530700FDF101 /* Info.plist */ = {isa = PBXFileReference; lastKnownFileType = text.plist.xml; path = Info.plist; sourceTree = "<group>"; };
		0D533D691ADF530700FDF101 /* FutureKitOsxTests.swift */ = {isa = PBXFileReference; lastKnownFileType = sourcecode.swift; path = FutureKitOsxTests.swift; sourceTree = "<group>"; };
		0DA41FAE1ADAFE3D00B58B0B /* FutureKit.framework */ = {isa = PBXFileReference; explicitFileType = wrapper.framework; includeInIndex = 0; path = FutureKit.framework; sourceTree = BUILT_PRODUCTS_DIR; };
		0DA41FB21ADAFE3D00B58B0B /* Info.plist */ = {isa = PBXFileReference; lastKnownFileType = text.plist.xml; path = Info.plist; sourceTree = "<group>"; };
		0DA41FB31ADAFE3D00B58B0B /* FutureKit.h */ = {isa = PBXFileReference; lastKnownFileType = sourcecode.c.h; path = FutureKit.h; sourceTree = "<group>"; };
		0DA41FB91ADAFE3D00B58B0B /* FutureKitTests.xctest */ = {isa = PBXFileReference; explicitFileType = wrapper.cfbundle; includeInIndex = 0; path = FutureKitTests.xctest; sourceTree = BUILT_PRODUCTS_DIR; };
		0DA41FBF1ADAFE3D00B58B0B /* Info.plist */ = {isa = PBXFileReference; lastKnownFileType = text.plist.xml; path = Info.plist; sourceTree = "<group>"; };
		0DA41FC01ADAFE3D00B58B0B /* FutureKitTests.swift */ = {isa = PBXFileReference; lastKnownFileType = sourcecode.swift; lineEnding = 0; path = FutureKitTests.swift; sourceTree = "<group>"; xcLanguageSpecificationIdentifier = xcode.lang.swift; };
		0DA41FCA1ADAFE5A00B58B0B /* ObjectiveCExceptionHandler.h */ = {isa = PBXFileReference; fileEncoding = 4; lastKnownFileType = sourcecode.c.h; path = ObjectiveCExceptionHandler.h; sourceTree = "<group>"; };
		0DA41FCB1ADAFE5A00B58B0B /* ObjectiveCExceptionHandler.m */ = {isa = PBXFileReference; fileEncoding = 4; lastKnownFileType = sourcecode.c.objc; path = ObjectiveCExceptionHandler.m; sourceTree = "<group>"; };
		0DA41FCC1ADAFE5A00B58B0B /* OSAtomicInt.swift */ = {isa = PBXFileReference; fileEncoding = 4; lastKnownFileType = sourcecode.swift; path = OSAtomicInt.swift; sourceTree = "<group>"; };
		0DA41FCD1ADAFE5A00B58B0B /* Common.swift */ = {isa = PBXFileReference; fileEncoding = 4; lastKnownFileType = sourcecode.swift; path = Common.swift; sourceTree = "<group>"; };
		0DA41FCE1ADAFE5A00B58B0B /* Future.swift */ = {isa = PBXFileReference; fileEncoding = 4; lastKnownFileType = sourcecode.swift; path = Future.swift; sourceTree = "<group>"; };
		0DA41FCF1ADAFE5A00B58B0B /* FTask.swift */ = {isa = PBXFileReference; fileEncoding = 4; lastKnownFileType = sourcecode.swift; path = FTask.swift; sourceTree = "<group>"; };
		0DA41FD01ADAFE5A00B58B0B /* ExtensionVars.swift */ = {isa = PBXFileReference; fileEncoding = 4; lastKnownFileType = sourcecode.swift; path = ExtensionVars.swift; sourceTree = "<group>"; };
		0DA41FD11ADAFE5A00B58B0B /* NSObject-Ext-ThreadSafe.swift */ = {isa = PBXFileReference; fileEncoding = 4; lastKnownFileType = sourcecode.swift; path = "NSObject-Ext-ThreadSafe.swift"; sourceTree = "<group>"; };
		0DA41FDA1ADAFEC500B58B0B /* Synchronization.swift */ = {isa = PBXFileReference; fileEncoding = 4; lastKnownFileType = sourcecode.swift; lineEnding = 0; path = Synchronization.swift; sourceTree = "<group>"; xcLanguageSpecificationIdentifier = xcode.lang.swift; };
		0DA41FE21ADB483C00B58B0B /* FutureWait.swift */ = {isa = PBXFileReference; fileEncoding = 4; lastKnownFileType = sourcecode.swift; path = FutureWait.swift; sourceTree = "<group>"; };
		0DE3AD6D1ADCB55C000345AD /* Executor.swift */ = {isa = PBXFileReference; fileEncoding = 4; lastKnownFileType = sourcecode.swift; lineEnding = 0; path = Executor.swift; sourceTree = "<group>"; xcLanguageSpecificationIdentifier = xcode.lang.swift; };
		0DE3AD6F1ADCBBF8000345AD /* Promise.swift */ = {isa = PBXFileReference; fileEncoding = 4; lastKnownFileType = sourcecode.swift; path = Promise.swift; sourceTree = "<group>"; };
		0DE3AD711ADCBCBA000345AD /* FutureBatch.swift */ = {isa = PBXFileReference; fileEncoding = 4; lastKnownFileType = sourcecode.swift; path = FutureBatch.swift; sourceTree = "<group>"; };
/* End PBXFileReference section */

/* Begin PBXFrameworksBuildPhase section */
		0D533D541ADF530700FDF101 /* Frameworks */ = {
			isa = PBXFrameworksBuildPhase;
			buildActionMask = 2147483647;
			files = (
			);
			runOnlyForDeploymentPostprocessing = 0;
		};
		0D533D5F1ADF530700FDF101 /* Frameworks */ = {
			isa = PBXFrameworksBuildPhase;
			buildActionMask = 2147483647;
			files = (
				0D533D631ADF530700FDF101 /* FutureKitOsx.framework in Frameworks */,
			);
			runOnlyForDeploymentPostprocessing = 0;
		};
		0DA41FAA1ADAFE3D00B58B0B /* Frameworks */ = {
			isa = PBXFrameworksBuildPhase;
			buildActionMask = 2147483647;
			files = (
			);
			runOnlyForDeploymentPostprocessing = 0;
		};
		0DA41FB61ADAFE3D00B58B0B /* Frameworks */ = {
			isa = PBXFrameworksBuildPhase;
			buildActionMask = 2147483647;
			files = (
				0DA41FBA1ADAFE3D00B58B0B /* FutureKit.framework in Frameworks */,
			);
			runOnlyForDeploymentPostprocessing = 0;
		};
/* End PBXFrameworksBuildPhase section */

/* Begin PBXGroup section */
		0D533D591ADF530700FDF101 /* FutureKitOsx */ = {
			isa = PBXGroup;
			children = (
				0D533D5C1ADF530700FDF101 /* FutureKitOsx.h */,
				0D533D5A1ADF530700FDF101 /* Supporting Files */,
			);
			path = FutureKitOsx;
			sourceTree = "<group>";
		};
		0D533D5A1ADF530700FDF101 /* Supporting Files */ = {
			isa = PBXGroup;
			children = (
				0D533D5B1ADF530700FDF101 /* Info.plist */,
			);
			name = "Supporting Files";
			sourceTree = "<group>";
		};
		0D533D661ADF530700FDF101 /* FutureKitOsxTests */ = {
			isa = PBXGroup;
			children = (
				0D533D691ADF530700FDF101 /* FutureKitOsxTests.swift */,
				0D533D671ADF530700FDF101 /* Supporting Files */,
			);
			path = FutureKitOsxTests;
			sourceTree = "<group>";
		};
		0D533D671ADF530700FDF101 /* Supporting Files */ = {
			isa = PBXGroup;
			children = (
				0D533D681ADF530700FDF101 /* Info.plist */,
			);
			name = "Supporting Files";
			sourceTree = "<group>";
		};
		0DA41FA41ADAFE3D00B58B0B = {
			isa = PBXGroup;
			children = (
				0DA41FB01ADAFE3D00B58B0B /* FutureKit */,
				0DA41FBD1ADAFE3D00B58B0B /* FutureKitTests */,
				0D533D591ADF530700FDF101 /* FutureKitOsx */,
				0D533D661ADF530700FDF101 /* FutureKitOsxTests */,
				0DA41FAF1ADAFE3D00B58B0B /* Products */,
			);
			sourceTree = "<group>";
		};
		0DA41FAF1ADAFE3D00B58B0B /* Products */ = {
			isa = PBXGroup;
			children = (
				0DA41FAE1ADAFE3D00B58B0B /* FutureKit.framework */,
				0DA41FB91ADAFE3D00B58B0B /* FutureKitTests.xctest */,
				0D533D581ADF530700FDF101 /* FutureKitOsx.framework */,
				0D533D621ADF530700FDF101 /* FutureKitOsxTests.xctest */,
			);
			name = Products;
			sourceTree = "<group>";
		};
		0DA41FB01ADAFE3D00B58B0B /* FutureKit */ = {
			isa = PBXGroup;
			children = (
				0DA41FCE1ADAFE5A00B58B0B /* Future.swift */,
				0DE3AD6F1ADCBBF8000345AD /* Promise.swift */,
				0DE3AD6D1ADCB55C000345AD /* Executor.swift */,
				0DA41FCA1ADAFE5A00B58B0B /* ObjectiveCExceptionHandler.h */,
				0DA41FCB1ADAFE5A00B58B0B /* ObjectiveCExceptionHandler.m */,
				0DA41FDA1ADAFEC500B58B0B /* Synchronization.swift */,
				0DA41FCC1ADAFE5A00B58B0B /* OSAtomicInt.swift */,
				0DA41FCD1ADAFE5A00B58B0B /* Common.swift */,
				0DE3AD711ADCBCBA000345AD /* FutureBatch.swift */,
				0DA41FE21ADB483C00B58B0B /* FutureWait.swift */,
				0DA41FCF1ADAFE5A00B58B0B /* FTask.swift */,
				0DA41FD01ADAFE5A00B58B0B /* ExtensionVars.swift */,
				0DA41FD11ADAFE5A00B58B0B /* NSObject-Ext-ThreadSafe.swift */,
				0DA41FB31ADAFE3D00B58B0B /* FutureKit.h */,
				0DA41FB11ADAFE3D00B58B0B /* Supporting Files */,
			);
			path = FutureKit;
			sourceTree = "<group>";
		};
		0DA41FB11ADAFE3D00B58B0B /* Supporting Files */ = {
			isa = PBXGroup;
			children = (
				0DA41FB21ADAFE3D00B58B0B /* Info.plist */,
			);
			name = "Supporting Files";
			sourceTree = "<group>";
		};
		0DA41FBD1ADAFE3D00B58B0B /* FutureKitTests */ = {
			isa = PBXGroup;
			children = (
				0DA41FC01ADAFE3D00B58B0B /* FutureKitTests.swift */,
				0DA41FBE1ADAFE3D00B58B0B /* Supporting Files */,
			);
			path = FutureKitTests;
			sourceTree = "<group>";
		};
		0DA41FBE1ADAFE3D00B58B0B /* Supporting Files */ = {
			isa = PBXGroup;
			children = (
				0DA41FBF1ADAFE3D00B58B0B /* Info.plist */,
			);
			name = "Supporting Files";
			sourceTree = "<group>";
		};
/* End PBXGroup section */

/* Begin PBXHeadersBuildPhase section */
		0D533D551ADF530700FDF101 /* Headers */ = {
			isa = PBXHeadersBuildPhase;
			buildActionMask = 2147483647;
			files = (
				0D533D5D1ADF530700FDF101 /* FutureKitOsx.h in Headers */,
				0D533D741ADF532700FDF101 /* ObjectiveCExceptionHandler.h in Headers */,
			);
			runOnlyForDeploymentPostprocessing = 0;
		};
		0DA41FAB1ADAFE3D00B58B0B /* Headers */ = {
			isa = PBXHeadersBuildPhase;
			buildActionMask = 2147483647;
			files = (
				0DA41FD21ADAFE5A00B58B0B /* ObjectiveCExceptionHandler.h in Headers */,
				0DA41FB41ADAFE3D00B58B0B /* FutureKit.h in Headers */,
			);
			runOnlyForDeploymentPostprocessing = 0;
		};
/* End PBXHeadersBuildPhase section */

/* Begin PBXNativeTarget section */
		0D533D571ADF530700FDF101 /* FutureKitOsx */ = {
			isa = PBXNativeTarget;
			buildConfigurationList = 0D533D6B1ADF530700FDF101 /* Build configuration list for PBXNativeTarget "FutureKitOsx" */;
			buildPhases = (
				0D533D531ADF530700FDF101 /* Sources */,
				0D533D541ADF530700FDF101 /* Frameworks */,
				0D533D551ADF530700FDF101 /* Headers */,
				0D533D561ADF530700FDF101 /* Resources */,
			);
			buildRules = (
			);
			dependencies = (
			);
			name = FutureKitOsx;
			productName = FutureKitOsx;
			productReference = 0D533D581ADF530700FDF101 /* FutureKitOsx.framework */;
			productType = "com.apple.product-type.framework";
		};
		0D533D611ADF530700FDF101 /* FutureKitOsxTests */ = {
			isa = PBXNativeTarget;
			buildConfigurationList = 0D533D6E1ADF530700FDF101 /* Build configuration list for PBXNativeTarget "FutureKitOsxTests" */;
			buildPhases = (
				0D533D5E1ADF530700FDF101 /* Sources */,
				0D533D5F1ADF530700FDF101 /* Frameworks */,
				0D533D601ADF530700FDF101 /* Resources */,
			);
			buildRules = (
			);
			dependencies = (
				0D533D651ADF530700FDF101 /* PBXTargetDependency */,
			);
			name = FutureKitOsxTests;
			productName = FutureKitOsxTests;
			productReference = 0D533D621ADF530700FDF101 /* FutureKitOsxTests.xctest */;
			productType = "com.apple.product-type.bundle.unit-test";
		};
		0DA41FAD1ADAFE3D00B58B0B /* FutureKit */ = {
			isa = PBXNativeTarget;
			buildConfigurationList = 0DA41FC41ADAFE3D00B58B0B /* Build configuration list for PBXNativeTarget "FutureKit" */;
			buildPhases = (
				0DA41FA91ADAFE3D00B58B0B /* Sources */,
				0DA41FAA1ADAFE3D00B58B0B /* Frameworks */,
				0DA41FAB1ADAFE3D00B58B0B /* Headers */,
				0DA41FAC1ADAFE3D00B58B0B /* Resources */,
			);
			buildRules = (
			);
			dependencies = (
			);
			name = FutureKit;
			productName = FutureKit;
			productReference = 0DA41FAE1ADAFE3D00B58B0B /* FutureKit.framework */;
			productType = "com.apple.product-type.framework";
		};
		0DA41FB81ADAFE3D00B58B0B /* FutureKitTests */ = {
			isa = PBXNativeTarget;
			buildConfigurationList = 0DA41FC71ADAFE3D00B58B0B /* Build configuration list for PBXNativeTarget "FutureKitTests" */;
			buildPhases = (
				0DA41FB51ADAFE3D00B58B0B /* Sources */,
				0DA41FB61ADAFE3D00B58B0B /* Frameworks */,
				0DA41FB71ADAFE3D00B58B0B /* Resources */,
			);
			buildRules = (
			);
			dependencies = (
				0DA41FBC1ADAFE3D00B58B0B /* PBXTargetDependency */,
			);
			name = FutureKitTests;
			productName = FutureKitTests;
			productReference = 0DA41FB91ADAFE3D00B58B0B /* FutureKitTests.xctest */;
			productType = "com.apple.product-type.bundle.unit-test";
		};
/* End PBXNativeTarget section */

/* Begin PBXProject section */
		0DA41FA51ADAFE3D00B58B0B /* Project object */ = {
			isa = PBXProject;
			attributes = {
				LastUpgradeCheck = 0630;
				ORGANIZATIONNAME = "Michael Gray";
				TargetAttributes = {
					0D533D571ADF530700FDF101 = {
						CreatedOnToolsVersion = 6.3;
					};
					0D533D611ADF530700FDF101 = {
						CreatedOnToolsVersion = 6.3;
					};
					0DA41FAD1ADAFE3D00B58B0B = {
						CreatedOnToolsVersion = 6.3;
					};
					0DA41FB81ADAFE3D00B58B0B = {
						CreatedOnToolsVersion = 6.3;
					};
				};
			};
			buildConfigurationList = 0DA41FA81ADAFE3D00B58B0B /* Build configuration list for PBXProject "FutureKit" */;
			compatibilityVersion = "Xcode 3.2";
			developmentRegion = English;
			hasScannedForEncodings = 0;
			knownRegions = (
				en,
			);
			mainGroup = 0DA41FA41ADAFE3D00B58B0B;
			productRefGroup = 0DA41FAF1ADAFE3D00B58B0B /* Products */;
			projectDirPath = "";
			projectRoot = "";
			targets = (
				0DA41FAD1ADAFE3D00B58B0B /* FutureKit */,
				0DA41FB81ADAFE3D00B58B0B /* FutureKitTests */,
				0D533D571ADF530700FDF101 /* FutureKitOsx */,
				0D533D611ADF530700FDF101 /* FutureKitOsxTests */,
			);
		};
/* End PBXProject section */

/* Begin PBXResourcesBuildPhase section */
		0D533D561ADF530700FDF101 /* Resources */ = {
			isa = PBXResourcesBuildPhase;
			buildActionMask = 2147483647;
			files = (
			);
			runOnlyForDeploymentPostprocessing = 0;
		};
		0D533D601ADF530700FDF101 /* Resources */ = {
			isa = PBXResourcesBuildPhase;
			buildActionMask = 2147483647;
			files = (
			);
			runOnlyForDeploymentPostprocessing = 0;
		};
		0DA41FAC1ADAFE3D00B58B0B /* Resources */ = {
			isa = PBXResourcesBuildPhase;
			buildActionMask = 2147483647;
			files = (
			);
			runOnlyForDeploymentPostprocessing = 0;
		};
		0DA41FB71ADAFE3D00B58B0B /* Resources */ = {
			isa = PBXResourcesBuildPhase;
			buildActionMask = 2147483647;
			files = (
			);
			runOnlyForDeploymentPostprocessing = 0;
		};
/* End PBXResourcesBuildPhase section */

/* Begin PBXSourcesBuildPhase section */
		0D533D531ADF530700FDF101 /* Sources */ = {
			isa = PBXSourcesBuildPhase;
			buildActionMask = 2147483647;
			files = (
				0D533D7C1ADF532700FDF101 /* ExtensionVars.swift in Sources */,
				0D533D711ADF532700FDF101 /* Future.swift in Sources */,
				0D533D731ADF532700FDF101 /* Executor.swift in Sources */,
				0D533D771ADF532700FDF101 /* OSAtomicInt.swift in Sources */,
				0D533D761ADF532700FDF101 /* Synchronization.swift in Sources */,
				0D533D751ADF532700FDF101 /* ObjectiveCExceptionHandler.m in Sources */,
				0D533D7D1ADF532700FDF101 /* NSObject-Ext-ThreadSafe.swift in Sources */,
				0D533D721ADF532700FDF101 /* Promise.swift in Sources */,
				0D533D7A1ADF532700FDF101 /* FutureWait.swift in Sources */,
				0D533D7B1ADF532700FDF101 /* FTask.swift in Sources */,
				0D533D781ADF532700FDF101 /* Common.swift in Sources */,
				0D533D791ADF532700FDF101 /* FutureBatch.swift in Sources */,
			);
			runOnlyForDeploymentPostprocessing = 0;
		};
		0D533D5E1ADF530700FDF101 /* Sources */ = {
			isa = PBXSourcesBuildPhase;
			buildActionMask = 2147483647;
			files = (
				0D533D6A1ADF530700FDF101 /* FutureKitOsxTests.swift in Sources */,
				0D197DEB1AE01D4500EA55DA /* FutureKitTests.swift in Sources */,
			);
			runOnlyForDeploymentPostprocessing = 0;
		};
		0DA41FA91ADAFE3D00B58B0B /* Sources */ = {
			isa = PBXSourcesBuildPhase;
			buildActionMask = 2147483647;
			files = (
				0DE3AD721ADCBCBA000345AD /* FutureBatch.swift in Sources */,
				0DE3AD6E1ADCB55C000345AD /* Executor.swift in Sources */,
				0DA41FD41ADAFE5A00B58B0B /* OSAtomicInt.swift in Sources */,
				0DA41FD81ADAFE5A00B58B0B /* ExtensionVars.swift in Sources */,
				0DA41FD51ADAFE5A00B58B0B /* Common.swift in Sources */,
				0DA41FDB1ADAFEC500B58B0B /* Synchronization.swift in Sources */,
				0DA41FE31ADB483C00B58B0B /* FutureWait.swift in Sources */,
				0DA41FD91ADAFE5A00B58B0B /* NSObject-Ext-ThreadSafe.swift in Sources */,
				0DA41FD71ADAFE5A00B58B0B /* FTask.swift in Sources */,
				0DA41FD61ADAFE5A00B58B0B /* Future.swift in Sources */,
				0DA41FD31ADAFE5A00B58B0B /* ObjectiveCExceptionHandler.m in Sources */,
				0DE3AD701ADCBBF8000345AD /* Promise.swift in Sources */,
			);
			runOnlyForDeploymentPostprocessing = 0;
		};
		0DA41FB51ADAFE3D00B58B0B /* Sources */ = {
			isa = PBXSourcesBuildPhase;
			buildActionMask = 2147483647;
			files = (
				0DA41FC11ADAFE3D00B58B0B /* FutureKitTests.swift in Sources */,
			);
			runOnlyForDeploymentPostprocessing = 0;
		};
/* End PBXSourcesBuildPhase section */

/* Begin PBXTargetDependency section */
		0D533D651ADF530700FDF101 /* PBXTargetDependency */ = {
			isa = PBXTargetDependency;
			target = 0D533D571ADF530700FDF101 /* FutureKitOsx */;
			targetProxy = 0D533D641ADF530700FDF101 /* PBXContainerItemProxy */;
		};
		0DA41FBC1ADAFE3D00B58B0B /* PBXTargetDependency */ = {
			isa = PBXTargetDependency;
			target = 0DA41FAD1ADAFE3D00B58B0B /* FutureKit */;
			targetProxy = 0DA41FBB1ADAFE3D00B58B0B /* PBXContainerItemProxy */;
		};
/* End PBXTargetDependency section */

/* Begin XCBuildConfiguration section */
		0D533D6C1ADF530700FDF101 /* Debug */ = {
			isa = XCBuildConfiguration;
			buildSettings = {
				COMBINE_HIDPI_IMAGES = YES;
				DEBUG_INFORMATION_FORMAT = dwarf;
				DEFINES_MODULE = YES;
				DYLIB_COMPATIBILITY_VERSION = 1;
				DYLIB_CURRENT_VERSION = 1;
				DYLIB_INSTALL_NAME_BASE = "@rpath";
				FRAMEWORK_VERSION = A;
				GCC_PREPROCESSOR_DEFINITIONS = (
					"DEBUG=1",
					"$(inherited)",
				);
				INFOPLIST_FILE = FutureKitOsx/Info.plist;
				INSTALL_PATH = "$(LOCAL_LIBRARY_DIR)/Frameworks";
				LD_RUNPATH_SEARCH_PATHS = "$(inherited) @executable_path/../Frameworks @loader_path/Frameworks";
				MACOSX_DEPLOYMENT_TARGET = 10.10;
				PRODUCT_NAME = "$(TARGET_NAME)";
				SDKROOT = macosx;
				SKIP_INSTALL = YES;
				SWIFT_WHOLE_MODULE_OPTIMIZATION = YES;
			};
			name = Debug;
		};
		0D533D6D1ADF530700FDF101 /* Release */ = {
			isa = XCBuildConfiguration;
			buildSettings = {
				COMBINE_HIDPI_IMAGES = YES;
				DEFINES_MODULE = YES;
				DYLIB_COMPATIBILITY_VERSION = 1;
				DYLIB_CURRENT_VERSION = 1;
				DYLIB_INSTALL_NAME_BASE = "@rpath";
				FRAMEWORK_VERSION = A;
				INFOPLIST_FILE = FutureKitOsx/Info.plist;
				INSTALL_PATH = "$(LOCAL_LIBRARY_DIR)/Frameworks";
				LD_RUNPATH_SEARCH_PATHS = "$(inherited) @executable_path/../Frameworks @loader_path/Frameworks";
				MACOSX_DEPLOYMENT_TARGET = 10.10;
				PRODUCT_NAME = "$(TARGET_NAME)";
				SDKROOT = macosx;
				SKIP_INSTALL = YES;
				SWIFT_OPTIMIZATION_LEVEL = "-O";
				SWIFT_WHOLE_MODULE_OPTIMIZATION = YES;
			};
			name = Release;
		};
		0D533D6F1ADF530700FDF101 /* Debug */ = {
			isa = XCBuildConfiguration;
			buildSettings = {
				COMBINE_HIDPI_IMAGES = YES;
				DEBUG_INFORMATION_FORMAT = dwarf;
				FRAMEWORK_SEARCH_PATHS = (
					"$(DEVELOPER_FRAMEWORKS_DIR)",
					"$(inherited)",
				);
				GCC_PREPROCESSOR_DEFINITIONS = (
					"DEBUG=1",
					"$(inherited)",
				);
				INFOPLIST_FILE = FutureKitOsxTests/Info.plist;
				LD_RUNPATH_SEARCH_PATHS = "$(inherited) @executable_path/../Frameworks @loader_path/../Frameworks";
				MACOSX_DEPLOYMENT_TARGET = 10.10;
				PRODUCT_NAME = "$(TARGET_NAME)";
				SDKROOT = macosx;
				SWIFT_WHOLE_MODULE_OPTIMIZATION = YES;
			};
			name = Debug;
		};
		0D533D701ADF530700FDF101 /* Release */ = {
			isa = XCBuildConfiguration;
			buildSettings = {
				COMBINE_HIDPI_IMAGES = YES;
				FRAMEWORK_SEARCH_PATHS = (
					"$(DEVELOPER_FRAMEWORKS_DIR)",
					"$(inherited)",
				);
				INFOPLIST_FILE = FutureKitOsxTests/Info.plist;
				LD_RUNPATH_SEARCH_PATHS = "$(inherited) @executable_path/../Frameworks @loader_path/../Frameworks";
				MACOSX_DEPLOYMENT_TARGET = 10.10;
				PRODUCT_NAME = "$(TARGET_NAME)";
				SDKROOT = macosx;
				SWIFT_WHOLE_MODULE_OPTIMIZATION = YES;
			};
			name = Release;
		};
		0DA41FC21ADAFE3D00B58B0B /* Debug */ = {
			isa = XCBuildConfiguration;
			buildSettings = {
				ALWAYS_SEARCH_USER_PATHS = NO;
				CLANG_CXX_LANGUAGE_STANDARD = "gnu++0x";
				CLANG_CXX_LIBRARY = "libc++";
				CLANG_ENABLE_MODULES = YES;
				CLANG_ENABLE_OBJC_ARC = YES;
				CLANG_WARN_BOOL_CONVERSION = YES;
				CLANG_WARN_CONSTANT_CONVERSION = YES;
				CLANG_WARN_DIRECT_OBJC_ISA_USAGE = YES_ERROR;
				CLANG_WARN_EMPTY_BODY = YES;
				CLANG_WARN_ENUM_CONVERSION = YES;
				CLANG_WARN_INT_CONVERSION = YES;
				CLANG_WARN_OBJC_ROOT_CLASS = YES_ERROR;
				CLANG_WARN_UNREACHABLE_CODE = YES;
				CLANG_WARN__DUPLICATE_METHOD_MATCH = YES;
				"CODE_SIGN_IDENTITY[sdk=iphoneos*]" = "iPhone Developer";
				COPY_PHASE_STRIP = NO;
				CURRENT_PROJECT_VERSION = 1;
				DEBUG_INFORMATION_FORMAT = "dwarf-with-dsym";
				ENABLE_STRICT_OBJC_MSGSEND = YES;
				GCC_C_LANGUAGE_STANDARD = gnu99;
				GCC_DYNAMIC_NO_PIC = NO;
				GCC_NO_COMMON_BLOCKS = YES;
				GCC_OPTIMIZATION_LEVEL = 0;
				GCC_PREPROCESSOR_DEFINITIONS = (
					"DEBUG=1",
					"$(inherited)",
				);
				GCC_SYMBOLS_PRIVATE_EXTERN = NO;
				GCC_WARN_64_TO_32_BIT_CONVERSION = YES;
				GCC_WARN_ABOUT_RETURN_TYPE = YES_ERROR;
				GCC_WARN_UNDECLARED_SELECTOR = YES;
				GCC_WARN_UNINITIALIZED_AUTOS = YES_AGGRESSIVE;
				GCC_WARN_UNUSED_FUNCTION = YES;
				GCC_WARN_UNUSED_VARIABLE = YES;
				IPHONEOS_DEPLOYMENT_TARGET = 8.3;
				MTL_ENABLE_DEBUG_INFO = YES;
				ONLY_ACTIVE_ARCH = YES;
				SDKROOT = iphoneos;
				SWIFT_OPTIMIZATION_LEVEL = "-Onone";
				TARGETED_DEVICE_FAMILY = "1,2";
				VERSIONING_SYSTEM = "apple-generic";
				VERSION_INFO_PREFIX = "";
			};
			name = Debug;
		};
		0DA41FC31ADAFE3D00B58B0B /* Release */ = {
			isa = XCBuildConfiguration;
			buildSettings = {
				ALWAYS_SEARCH_USER_PATHS = NO;
				CLANG_CXX_LANGUAGE_STANDARD = "gnu++0x";
				CLANG_CXX_LIBRARY = "libc++";
				CLANG_ENABLE_MODULES = YES;
				CLANG_ENABLE_OBJC_ARC = YES;
				CLANG_WARN_BOOL_CONVERSION = YES;
				CLANG_WARN_CONSTANT_CONVERSION = YES;
				CLANG_WARN_DIRECT_OBJC_ISA_USAGE = YES_ERROR;
				CLANG_WARN_EMPTY_BODY = YES;
				CLANG_WARN_ENUM_CONVERSION = YES;
				CLANG_WARN_INT_CONVERSION = YES;
				CLANG_WARN_OBJC_ROOT_CLASS = YES_ERROR;
				CLANG_WARN_UNREACHABLE_CODE = YES;
				CLANG_WARN__DUPLICATE_METHOD_MATCH = YES;
				"CODE_SIGN_IDENTITY[sdk=iphoneos*]" = "iPhone Developer";
				COPY_PHASE_STRIP = NO;
				CURRENT_PROJECT_VERSION = 1;
				DEBUG_INFORMATION_FORMAT = "dwarf-with-dsym";
				ENABLE_NS_ASSERTIONS = NO;
				ENABLE_STRICT_OBJC_MSGSEND = YES;
				GCC_C_LANGUAGE_STANDARD = gnu99;
				GCC_NO_COMMON_BLOCKS = YES;
				GCC_WARN_64_TO_32_BIT_CONVERSION = YES;
				GCC_WARN_ABOUT_RETURN_TYPE = YES_ERROR;
				GCC_WARN_UNDECLARED_SELECTOR = YES;
				GCC_WARN_UNINITIALIZED_AUTOS = YES_AGGRESSIVE;
				GCC_WARN_UNUSED_FUNCTION = YES;
				GCC_WARN_UNUSED_VARIABLE = YES;
				IPHONEOS_DEPLOYMENT_TARGET = 8.3;
				MTL_ENABLE_DEBUG_INFO = NO;
				SDKROOT = iphoneos;
				TARGETED_DEVICE_FAMILY = "1,2";
				VALIDATE_PRODUCT = YES;
				VERSIONING_SYSTEM = "apple-generic";
				VERSION_INFO_PREFIX = "";
			};
			name = Release;
		};
		0DA41FC51ADAFE3D00B58B0B /* Debug */ = {
			isa = XCBuildConfiguration;
			buildSettings = {
				CLANG_ENABLE_MODULES = YES;
				DEFINES_MODULE = YES;
				DYLIB_COMPATIBILITY_VERSION = 1;
				DYLIB_CURRENT_VERSION = 1;
				DYLIB_INSTALL_NAME_BASE = "@rpath";
				INFOPLIST_FILE = FutureKit/Info.plist;
				INSTALL_PATH = "$(LOCAL_LIBRARY_DIR)/Frameworks";
				LD_RUNPATH_SEARCH_PATHS = "$(inherited) @executable_path/Frameworks @loader_path/Frameworks";
				PRODUCT_NAME = "$(TARGET_NAME)";
				SKIP_INSTALL = YES;
				SWIFT_OPTIMIZATION_LEVEL = "-Onone";
				SWIFT_WHOLE_MODULE_OPTIMIZATION = YES;
			};
			name = Debug;
		};
		0DA41FC61ADAFE3D00B58B0B /* Release */ = {
			isa = XCBuildConfiguration;
			buildSettings = {
				CLANG_ENABLE_MODULES = YES;
				DEFINES_MODULE = YES;
				DYLIB_COMPATIBILITY_VERSION = 1;
				DYLIB_CURRENT_VERSION = 1;
				DYLIB_INSTALL_NAME_BASE = "@rpath";
				INFOPLIST_FILE = FutureKit/Info.plist;
				INSTALL_PATH = "$(LOCAL_LIBRARY_DIR)/Frameworks";
				LD_RUNPATH_SEARCH_PATHS = "$(inherited) @executable_path/Frameworks @loader_path/Frameworks";
				PRODUCT_NAME = "$(TARGET_NAME)";
				SKIP_INSTALL = YES;
				SWIFT_OPTIMIZATION_LEVEL = "-O";
				SWIFT_WHOLE_MODULE_OPTIMIZATION = YES;
			};
			name = Release;
		};
		0DA41FC81ADAFE3D00B58B0B /* Debug */ = {
			isa = XCBuildConfiguration;
			buildSettings = {
				FRAMEWORK_SEARCH_PATHS = (
					"$(SDKROOT)/Developer/Library/Frameworks",
					"$(inherited)",
				);
				GCC_PREPROCESSOR_DEFINITIONS = (
					"DEBUG=1",
					"$(inherited)",
				);
				INFOPLIST_FILE = FutureKitTests/Info.plist;
				LD_RUNPATH_SEARCH_PATHS = "$(inherited) @executable_path/Frameworks @loader_path/Frameworks";
				PRODUCT_NAME = "$(TARGET_NAME)";
				SWIFT_WHOLE_MODULE_OPTIMIZATION = YES;
			};
			name = Debug;
		};
		0DA41FC91ADAFE3D00B58B0B /* Release */ = {
			isa = XCBuildConfiguration;
			buildSettings = {
				FRAMEWORK_SEARCH_PATHS = (
					"$(SDKROOT)/Developer/Library/Frameworks",
					"$(inherited)",
				);
				INFOPLIST_FILE = FutureKitTests/Info.plist;
				LD_RUNPATH_SEARCH_PATHS = "$(inherited) @executable_path/Frameworks @loader_path/Frameworks";
				PRODUCT_NAME = "$(TARGET_NAME)";
				SWIFT_WHOLE_MODULE_OPTIMIZATION = YES;
			};
			name = Release;
		};
/* End XCBuildConfiguration section */

/* Begin XCConfigurationList section */
		0D533D6B1ADF530700FDF101 /* Build configuration list for PBXNativeTarget "FutureKitOsx" */ = {
			isa = XCConfigurationList;
			buildConfigurations = (
				0D533D6C1ADF530700FDF101 /* Debug */,
				0D533D6D1ADF530700FDF101 /* Release */,
			);
			defaultConfigurationIsVisible = 0;
			defaultConfigurationName = Release;
		};
		0D533D6E1ADF530700FDF101 /* Build configuration list for PBXNativeTarget "FutureKitOsxTests" */ = {
			isa = XCConfigurationList;
			buildConfigurations = (
				0D533D6F1ADF530700FDF101 /* Debug */,
				0D533D701ADF530700FDF101 /* Release */,
			);
			defaultConfigurationIsVisible = 0;
			defaultConfigurationName = Release;
		};
		0DA41FA81ADAFE3D00B58B0B /* Build configuration list for PBXProject "FutureKit" */ = {
			isa = XCConfigurationList;
			buildConfigurations = (
				0DA41FC21ADAFE3D00B58B0B /* Debug */,
				0DA41FC31ADAFE3D00B58B0B /* Release */,
			);
			defaultConfigurationIsVisible = 0;
			defaultConfigurationName = Release;
		};
		0DA41FC41ADAFE3D00B58B0B /* Build configuration list for PBXNativeTarget "FutureKit" */ = {
			isa = XCConfigurationList;
			buildConfigurations = (
				0DA41FC51ADAFE3D00B58B0B /* Debug */,
				0DA41FC61ADAFE3D00B58B0B /* Release */,
			);
			defaultConfigurationIsVisible = 0;
			defaultConfigurationName = Release;
		};
		0DA41FC71ADAFE3D00B58B0B /* Build configuration list for PBXNativeTarget "FutureKitTests" */ = {
			isa = XCConfigurationList;
			buildConfigurations = (
				0DA41FC81ADAFE3D00B58B0B /* Debug */,
				0DA41FC91ADAFE3D00B58B0B /* Release */,
			);
			defaultConfigurationIsVisible = 0;
			defaultConfigurationName = Release;
		};
/* End XCConfigurationList section */
	};
	rootObject = 0DA41FA51ADAFE3D00B58B0B /* Project object */;
}
